
Microsoft Visual Studio Solution File, Format Version 12.00
# Visual Studio Version 17
VisualStudioVersion = 17.0.32014.148
MinimumVisualStudioVersion = 10.0.40219.1
Project("{9A19103F-16F7-4668-BE54-9A1E7A4F7556}") = "InputDialog", "InputDialog\InputDialog.csproj", "{CC085A1C-7169-4B1A-A484-9E6EE756D966}"
EndProject
Project("{9A19103F-16F7-4668-BE54-9A1E7A4F7556}") = "InputDialogUsageSample", "InputDialogUsageSample\InputDialogUsageSample.csproj", "{A5C4FFBC-893D-48B7-82B0-C589989ED758}"
EndProject
Project("{9A19103F-16F7-4668-BE54-9A1E7A4F7556}") = "InputDialogTester", "InputDialogTester\InputDialogTester.csproj", "{A9947543-7161-440A-B56F-AEE8BD82EB3C}"
EndProject
Project("{2150E333-8FDC-42A3-9474-1A3956D46DE8}") = "Solution Items", "Solution Items", "{CB767E00-F776-47D3-9212-484AAE488E0B}"
	ProjectSection(SolutionItems) = preProject
		.editorconfig = .editorconfig
		ReadMe.md = ReadMe.md
	EndProjectSection
EndProject
Global
	GlobalSection(SolutionConfigurationPlatforms) = preSolution
		Debug|Any CPU = Debug|Any CPU
		Release|Any CPU = Release|Any CPU
	EndGlobalSection
	GlobalSection(ProjectConfigurationPlatforms) = postSolution
		{CC085A1C-7169-4B1A-A484-9E6EE756D966}.Debug|Any CPU.ActiveCfg = Debug|Any CPU
		{CC085A1C-7169-4B1A-A484-9E6EE756D966}.Debug|Any CPU.Build.0 = Debug|Any CPU
		{CC085A1C-7169-4B1A-A484-9E6EE756D966}.Release|Any CPU.ActiveCfg = Release|Any CPU
		{CC085A1C-7169-4B1A-A484-9E6EE756D966}.Release|Any CPU.Build.0 = Release|Any CPU
		{A5C4FFBC-893D-48B7-82B0-C589989ED758}.Debug|Any CPU.ActiveCfg = Debug|Any CPU
		{A5C4FFBC-893D-48B7-82B0-C589989ED758}.Debug|Any CPU.Build.0 = Debug|Any CPU
		{A5C4FFBC-893D-48B7-82B0-C589989ED758}.Release|Any CPU.ActiveCfg = Release|Any CPU
		{A5C4FFBC-893D-48B7-82B0-C589989ED758}.Release|Any CPU.Build.0 = Release|Any CPU
		{A9947543-7161-440A-B56F-AEE8BD82EB3C}.Debug|Any CPU.ActiveCfg = Debug|Any CPU
		{A9947543-7161-440A-B56F-AEE8BD82EB3C}.Debug|Any CPU.Build.0 = Debug|Any CPU
		{A9947543-7161-440A-B56F-AEE8BD82EB3C}.Release|Any CPU.ActiveCfg = Release|Any CPU
		{A9947543-7161-440A-B56F-AEE8BD82EB3C}.Release|Any CPU.Build.0 = Release|Any CPU
	EndGlobalSection
	GlobalSection(SolutionProperties) = preSolution
		HideSolutionNode = FALSE
	EndGlobalSection
	GlobalSection(ExtensibilityGlobals) = postSolution
		SolutionGuid = {04E63BCD-3A98-436B-8254-C1AB8A41DCCC}
	EndGlobalSection
EndGlobal
